// !$*UTF8*$!
{
	archiveVersion = 1;
	classes = {
	};
	objectVersion = 46;
	objects = {

/* Begin PBXBuildFile section */
		7A2B88B41B4686BB000E7511 /* icon.png in Resources */ = {isa = PBXBuildFile; fileRef = 7A2B88B31B4686BB000E7511 /* icon.png */; };
		7A59759B1B15333200C7B022 /* main.m in Sources */ = {isa = PBXBuildFile; fileRef = 7A59759A1B15333200C7B022 /* main.m */; };
		7A59759E1B15333200C7B022 /* AppDelegate.m in Sources */ = {isa = PBXBuildFile; fileRef = 7A59759D1B15333200C7B022 /* AppDelegate.m */; };
		7A5975A11B15333200C7B022 /* ViewController.m in Sources */ = {isa = PBXBuildFile; fileRef = 7A5975A01B15333200C7B022 /* ViewController.m */; };
		7A5975A41B15333200C7B022 /* Main.storyboard in Resources */ = {isa = PBXBuildFile; fileRef = 7A5975A21B15333200C7B022 /* Main.storyboard */; };
		7A5975A91B15333200C7B022 /* LaunchScreen.xib in Resources */ = {isa = PBXBuildFile; fileRef = 7A5975A71B15333200C7B022 /* LaunchScreen.xib */; };
		7A5975B51B15333300C7B022 /* MaterialDesignAlertViewTests.m in Sources */ = {isa = PBXBuildFile; fileRef = 7A5975B41B15333300C7B022 /* MaterialDesignAlertViewTests.m */; };
		7A5975BF1B15338600C7B022 /* 1.png in Resources */ = {isa = PBXBuildFile; fileRef = 7A5975BE1B15338600C7B022 /* 1.png */; };
		7A5975C11B15338E00C7B022 /* 2.png in Resources */ = {isa = PBXBuildFile; fileRef = 7A5975C01B15338E00C7B022 /* 2.png */; };
		7A5975C41B15339E00C7B022 /* BFPaperButton.m in Sources */ = {isa = PBXBuildFile; fileRef = 7A5975C31B15339E00C7B022 /* BFPaperButton.m */; };
		7A5975C91B1533B600C7B022 /* MDAlertView.m in Sources */ = {isa = PBXBuildFile; fileRef = 7A5975C61B1533B600C7B022 /* MDAlertView.m */; };
		7A5975CA1B1533B600C7B022 /* UIColor+BFPaperColors.m in Sources */ = {isa = PBXBuildFile; fileRef = 7A5975C81B1533B600C7B022 /* UIColor+BFPaperColors.m */; };
/* End PBXBuildFile section */

/* Begin PBXContainerItemProxy section */
		7A5975AF1B15333200C7B022 /* PBXContainerItemProxy */ = {
			isa = PBXContainerItemProxy;
			containerPortal = 7A59758D1B15333200C7B022 /* Project object */;
			proxyType = 1;
			remoteGlobalIDString = 7A5975941B15333200C7B022;
			remoteInfo = MaterialDesignAlertView;
		};
/* End PBXContainerItemProxy section */

/* Begin PBXFileReference section */
		7A2B88B31B4686BB000E7511 /* icon.png */ = {isa = PBXFileReference; lastKnownFileType = image.png; path = icon.png; sourceTree = "<group>"; };
		7A5975951B15333200C7B022 /* MaterialDesignAlertView.app */ = {isa = PBXFileReference; explicitFileType = wrapper.application; includeInIndex = 0; path = MaterialDesignAlertView.app; sourceTree = BUILT_PRODUCTS_DIR; };
		7A5975991B15333200C7B022 /* Info.plist */ = {isa = PBXFileReference; lastKnownFileType = text.plist.xml; path = Info.plist; sourceTree = "<group>"; };
		7A59759A1B15333200C7B022 /* main.m */ = {isa = PBXFileReference; lastKnownFileType = sourcecode.c.objc; path = main.m; sourceTree = "<group>"; };
		7A59759C1B15333200C7B022 /* AppDelegate.h */ = {isa = PBXFileReference; lastKnownFileType = sourcecode.c.h; path = AppDelegate.h; sourceTree = "<group>"; };
		7A59759D1B15333200C7B022 /* AppDelegate.m */ = {isa = PBXFileReference; lastKnownFileType = sourcecode.c.objc; path = AppDelegate.m; sourceTree = "<group>"; };
		7A59759F1B15333200C7B022 /* ViewController.h */ = {isa = PBXFileReference; lastKnownFileType = sourcecode.c.h; path = ViewController.h; sourceTree = "<group>"; };
		7A5975A01B15333200C7B022 /* ViewController.m */ = {isa = PBXFileReference; lastKnownFileType = sourcecode.c.objc; path = ViewController.m; sourceTree = "<group>"; };
		7A5975A31B15333200C7B022 /* Base */ = {isa = PBXFileReference; lastKnownFileType = file.storyboard; name = Base; path = Base.lproj/Main.storyboard; sourceTree = "<group>"; };
		7A5975A81B15333200C7B022 /* Base */ = {isa = PBXFileReference; lastKnownFileType = file.xib; name = Base; path = Base.lproj/LaunchScreen.xib; sourceTree = "<group>"; };
		7A5975AE1B15333200C7B022 /* MaterialDesignAlertViewTests.xctest */ = {isa = PBXFileReference; explicitFileType = wrapper.cfbundle; includeInIndex = 0; path = MaterialDesignAlertViewTests.xctest; sourceTree = BUILT_PRODUCTS_DIR; };
		7A5975B31B15333200C7B022 /* Info.plist */ = {isa = PBXFileReference; lastKnownFileType = text.plist.xml; path = Info.plist; sourceTree = "<group>"; };
		7A5975B41B15333300C7B022 /* MaterialDesignAlertViewTests.m */ = {isa = PBXFileReference; lastKnownFileType = sourcecode.c.objc; path = MaterialDesignAlertViewTests.m; sourceTree = "<group>"; };
		7A5975BE1B15338600C7B022 /* 1.png */ = {isa = PBXFileReference; lastKnownFileType = image.png; path = 1.png; sourceTree = "<group>"; };
		7A5975C01B15338E00C7B022 /* 2.png */ = {isa = PBXFileReference; lastKnownFileType = image.png; path = 2.png; sourceTree = "<group>"; };
		7A5975C21B15339E00C7B022 /* BFPaperButton.h */ = {isa = PBXFileReference; fileEncoding = 4; lastKnownFileType = sourcecode.c.h; path = BFPaperButton.h; sourceTree = "<group>"; };
		7A5975C31B15339E00C7B022 /* BFPaperButton.m */ = {isa = PBXFileReference; fileEncoding = 4; lastKnownFileType = sourcecode.c.objc; path = BFPaperButton.m; sourceTree = "<group>"; };
		7A5975C51B1533B600C7B022 /* MDAlertView.h */ = {isa = PBXFileReference; fileEncoding = 4; lastKnownFileType = sourcecode.c.h; path = MDAlertView.h; sourceTree = "<group>"; };
		7A5975C61B1533B600C7B022 /* MDAlertView.m */ = {isa = PBXFileReference; fileEncoding = 4; lastKnownFileType = sourcecode.c.objc; path = MDAlertView.m; sourceTree = "<group>"; };
		7A5975C71B1533B600C7B022 /* UIColor+BFPaperColors.h */ = {isa = PBXFileReference; fileEncoding = 4; lastKnownFileType = sourcecode.c.h; path = "UIColor+BFPaperColors.h"; sourceTree = "<group>"; };
		7A5975C81B1533B600C7B022 /* UIColor+BFPaperColors.m */ = {isa = PBXFileReference; fileEncoding = 4; lastKnownFileType = sourcecode.c.objc; path = "UIColor+BFPaperColors.m"; sourceTree = "<group>"; };
/* End PBXFileReference section */

/* Begin PBXFrameworksBuildPhase section */
		7A5975921B15333200C7B022 /* Frameworks */ = {
			isa = PBXFrameworksBuildPhase;
			buildActionMask = 2147483647;
			files = (
			);
			runOnlyForDeploymentPostprocessing = 0;
		};
		7A5975AB1B15333200C7B022 /* Frameworks */ = {
			isa = PBXFrameworksBuildPhase;
			buildActionMask = 2147483647;
			files = (
			);
			runOnlyForDeploymentPostprocessing = 0;
		};
/* End PBXFrameworksBuildPhase section */

/* Begin PBXGroup section */
		7A59758C1B15333200C7B022 = {
			isa = PBXGroup;
			children = (
				7A5975971B15333200C7B022 /* MaterialDesignAlertView */,
				7A5975B11B15333200C7B022 /* MaterialDesignAlertViewTests */,
				7A5975961B15333200C7B022 /* Products */,
			);
			sourceTree = "<group>";
		};
		7A5975961B15333200C7B022 /* Products */ = {
			isa = PBXGroup;
			children = (
				7A5975951B15333200C7B022 /* MaterialDesignAlertView.app */,
				7A5975AE1B15333200C7B022 /* MaterialDesignAlertViewTests.xctest */,
			);
			name = Products;
			sourceTree = "<group>";
		};
		7A5975971B15333200C7B022 /* MaterialDesignAlertView */ = {
			isa = PBXGroup;
			children = (
				7A59759C1B15333200C7B022 /* AppDelegate.h */,
				7A59759D1B15333200C7B022 /* AppDelegate.m */,
				7A59759F1B15333200C7B022 /* ViewController.h */,
				7A5975A01B15333200C7B022 /* ViewController.m */,
				7A5975BE1B15338600C7B022 /* 1.png */,
				7A5975C01B15338E00C7B022 /* 2.png */,
				7A5975C21B15339E00C7B022 /* BFPaperButton.h */,
				7A5975C31B15339E00C7B022 /* BFPaperButton.m */,
				7A5975C51B1533B600C7B022 /* MDAlertView.h */,
				7A5975C61B1533B600C7B022 /* MDAlertView.m */,
				7A5975C71B1533B600C7B022 /* UIColor+BFPaperColors.h */,
				7A5975C81B1533B600C7B022 /* UIColor+BFPaperColors.m */,
				7A2B88B31B4686BB000E7511 /* icon.png */,
				7A5975A21B15333200C7B022 /* Main.storyboard */,
				7A5975A71B15333200C7B022 /* LaunchScreen.xib */,
				7A5975981B15333200C7B022 /* Supporting Files */,
			);
			path = MaterialDesignAlertView;
			sourceTree = "<group>";
		};
		7A5975981B15333200C7B022 /* Supporting Files */ = {
			isa = PBXGroup;
			children = (
				7A5975991B15333200C7B022 /* Info.plist */,
				7A59759A1B15333200C7B022 /* main.m */,
			);
			name = "Supporting Files";
			sourceTree = "<group>";
		};
		7A5975B11B15333200C7B022 /* MaterialDesignAlertViewTests */ = {
			isa = PBXGroup;
			children = (
				7A5975B41B15333300C7B022 /* MaterialDesignAlertViewTests.m */,
				7A5975B21B15333200C7B022 /* Supporting Files */,
			);
			path = MaterialDesignAlertViewTests;
			sourceTree = "<group>";
		};
		7A5975B21B15333200C7B022 /* Supporting Files */ = {
			isa = PBXGroup;
			children = (
				7A5975B31B15333200C7B022 /* Info.plist */,
			);
			name = "Supporting Files";
			sourceTree = "<group>";
		};
/* End PBXGroup section */

/* Begin PBXNativeTarget section */
		7A5975941B15333200C7B022 /* MaterialDesignAlertView */ = {
			isa = PBXNativeTarget;
			buildConfigurationList = 7A5975B81B15333300C7B022 /* Build configuration list for PBXNativeTarget "MaterialDesignAlertView" */;
			buildPhases = (
				7A5975911B15333200C7B022 /* Sources */,
				7A5975921B15333200C7B022 /* Frameworks */,
				7A5975931B15333200C7B022 /* Resources */,
			);
			buildRules = (
			);
			dependencies = (
			);
			name = MaterialDesignAlertView;
			productName = MaterialDesignAlertView;
			productReference = 7A5975951B15333200C7B022 /* MaterialDesignAlertView.app */;
			productType = "com.apple.product-type.application";
		};
		7A5975AD1B15333200C7B022 /* MaterialDesignAlertViewTests */ = {
			isa = PBXNativeTarget;
			buildConfigurationList = 7A5975BB1B15333300C7B022 /* Build configuration list for PBXNativeTarget "MaterialDesignAlertViewTests" */;
			buildPhases = (
				7A5975AA1B15333200C7B022 /* Sources */,
				7A5975AB1B15333200C7B022 /* Frameworks */,
				7A5975AC1B15333200C7B022 /* Resources */,
			);
			buildRules = (
			);
			dependencies = (
				7A5975B01B15333200C7B022 /* PBXTargetDependency */,
			);
			name = MaterialDesignAlertViewTests;
			productName = MaterialDesignAlertViewTests;
			productReference = 7A5975AE1B15333200C7B022 /* MaterialDesignAlertViewTests.xctest */;
			productType = "com.apple.product-type.bundle.unit-test";
		};
/* End PBXNativeTarget section */

/* Begin PBXProject section */
		7A59758D1B15333200C7B022 /* Project object */ = {
			isa = PBXProject;
			attributes = {
				LastUpgradeCheck = 0630;
				ORGANIZATIONNAME = Nobel;
				TargetAttributes = {
					7A5975941B15333200C7B022 = {
						CreatedOnToolsVersion = 6.3.1;
					};
					7A5975AD1B15333200C7B022 = {
						CreatedOnToolsVersion = 6.3.1;
						TestTargetID = 7A5975941B15333200C7B022;
					};
				};
			};
			buildConfigurationList = 7A5975901B15333200C7B022 /* Build configuration list for PBXProject "MaterialDesignAlertView" */;
			compatibilityVersion = "Xcode 3.2";
			developmentRegion = English;
			hasScannedForEncodings = 0;
			knownRegions = (
				en,
				Base,
			);
			mainGroup = 7A59758C1B15333200C7B022;
			productRefGroup = 7A5975961B15333200C7B022 /* Products */;
			projectDirPath = "";
			projectRoot = "";
			targets = (
				7A5975941B15333200C7B022 /* MaterialDesignAlertView */,
				7A5975AD1B15333200C7B022 /* MaterialDesignAlertViewTests */,
			);
		};
/* End PBXProject section */

/* Begin PBXResourcesBuildPhase section */
		7A5975931B15333200C7B022 /* Resources */ = {
			isa = PBXResourcesBuildPhase;
			buildActionMask = 2147483647;
			files = (
				7A5975A41B15333200C7B022 /* Main.storyboard in Resources */,
				7A2B88B41B4686BB000E7511 /* icon.png in Resources */,
				7A5975BF1B15338600C7B022 /* 1.png in Resources */,
				7A5975C11B15338E00C7B022 /* 2.png in Resources */,
				7A5975A91B15333200C7B022 /* LaunchScreen.xib in Resources */,
			);
			runOnlyForDeploymentPostprocessing = 0;
		};
		7A5975AC1B15333200C7B022 /* Resources */ = {
			isa = PBXResourcesBuildPhase;
			buildActionMask = 2147483647;
			files = (
			);
			runOnlyForDeploymentPostprocessing = 0;
		};
/* End PBXResourcesBuildPhase section */

/* Begin PBXSourcesBuildPhase section */
		7A5975911B15333200C7B022 /* Sources */ = {
			isa = PBXSourcesBuildPhase;
			buildActionMask = 2147483647;
			files = (
				7A5975CA1B1533B600C7B022 /* UIColor+BFPaperColors.m in Sources */,
				7A5975A11B15333200C7B022 /* ViewController.m in Sources */,
				7A5975C91B1533B600C7B022 /* MDAlertView.m in Sources */,
				7A59759E1B15333200C7B022 /* AppDelegate.m in Sources */,
				7A5975C41B15339E00C7B022 /* BFPaperButton.m in Sources */,
				7A59759B1B15333200C7B022 /* main.m in Sources */,
			);
			runOnlyForDeploymentPostprocessing = 0;
		};
		7A5975AA1B15333200C7B022 /* Sources */ = {
			isa = PBXSourcesBuildPhase;
			buildActionMask = 2147483647;
			files = (
				7A5975B51B15333300C7B022 /* MaterialDesignAlertViewTests.m in Sources */,
			);
			runOnlyForDeploymentPostprocessing = 0;
		};
/* End PBXSourcesBuildPhase section */

/* Begin PBXTargetDependency section */
		7A5975B01B15333200C7B022 /* PBXTargetDependency */ = {
			isa = PBXTargetDependency;
			target = 7A5975941B15333200C7B022 /* MaterialDesignAlertView */;
			targetProxy = 7A5975AF1B15333200C7B022 /* PBXContainerItemProxy */;
		};
/* End PBXTargetDependency section */

/* Begin PBXVariantGroup section */
		7A5975A21B15333200C7B022 /* Main.storyboard */ = {
			isa = PBXVariantGroup;
			children = (
				7A5975A31B15333200C7B022 /* Base */,
			);
			name = Main.storyboard;
			sourceTree = "<group>";
		};
		7A5975A71B15333200C7B022 /* LaunchScreen.xib */ = {
			isa = PBXVariantGroup;
			children = (
				7A5975A81B15333200C7B022 /* Base */,
			);
			name = LaunchScreen.xib;
			sourceTree = "<group>";
		};
/* End PBXVariantGroup section */

/* Begin XCBuildConfiguration section */
		7A5975B61B15333300C7B022 /* Debug */ = {
			isa = XCBuildConfiguration;
			buildSettings = {
				ALWAYS_SEARCH_USER_PATHS = NO;
				CLANG_CXX_LANGUAGE_STANDARD = "gnu++0x";
				CLANG_CXX_LIBRARY = "libc++";
				CLANG_ENABLE_MODULES = YES;
				CLANG_ENABLE_OBJC_ARC = YES;
				CLANG_WARN_BOOL_CONVERSION = YES;
				CLANG_WARN_CONSTANT_CONVERSION = YES;
				CLANG_WARN_DIRECT_OBJC_ISA_USAGE = YES_ERROR;
				CLANG_WARN_EMPTY_BODY = YES;
				CLANG_WARN_ENUM_CONVERSION = YES;
				CLANG_WARN_INT_CONVERSION = YES;
				CLANG_WARN_OBJC_ROOT_CLASS = YES_ERROR;
				CLANG_WARN_UNREACHABLE_CODE = YES;
				CLANG_WARN__DUPLICATE_METHOD_MATCH = YES;
				"CODE_SIGN_IDENTITY[sdk=iphoneos*]" = "iPhone Developer";
				COPY_PHASE_STRIP = NO;
				DEBUG_INFORMATION_FORMAT = "dwarf-with-dsym";
				ENABLE_STRICT_OBJC_MSGSEND = YES;
				GCC_C_LANGUAGE_STANDARD = gnu99;
				GCC_DYNAMIC_NO_PIC = NO;
				GCC_NO_COMMON_BLOCKS = YES;
				GCC_OPTIMIZATION_LEVEL = 0;
				GCC_PREPROCESSOR_DEFINITIONS = (
					"DEBUG=1",
					"$(inherited)",
				);
				GCC_SYMBOLS_PRIVATE_EXTERN = NO;
				GCC_WARN_64_TO_32_BIT_CONVERSION = YES;
				GCC_WARN_ABOUT_RETURN_TYPE = YES_ERROR;
				GCC_WARN_UNDECLARED_SELECTOR = YES;
				GCC_WARN_UNINITIALIZED_AUTOS = YES_AGGRESSIVE;
				GCC_WARN_UNUSED_FUNCTION = YES;
				GCC_WARN_UNUSED_VARIABLE = YES;
				IPHONEOS_DEPLOYMENT_TARGET = 8.3;
				MTL_ENABLE_DEBUG_INFO = YES;
				ONLY_ACTIVE_ARCH = YES;
				SDKROOT = iphoneos;
				TARGETED_DEVICE_FAMILY = "1,2";
			};
			name = Debug;
		};
		7A5975B71B15333300C7B022 /* Release */ = {
			isa = XCBuildConfiguration;
			buildSettings = {
				ALWAYS_SEARCH_USER_PATHS = NO;
				CLANG_CXX_LANGUAGE_STANDARD = "gnu++0x";
				CLANG_CXX_LIBRARY = "libc++";
				CLANG_ENABLE_MODULES = YES;
				CLANG_ENABLE_OBJC_ARC = YES;
				CLANG_WARN_BOOL_CONVERSION = YES;
				CLANG_WARN_CONSTANT_CONVERSION = YES;
				CLANG_WARN_DIRECT_OBJC_ISA_USAGE = YES_ERROR;
				CLANG_WARN_EMPTY_BODY = YES;
				CLANG_WARN_ENUM_CONVERSION = YES;
				CLANG_WARN_INT_CONVERSION = YES;
				CLANG_WARN_OBJC_ROOT_CLASS = YES_ERROR;
				CLANG_WARN_UNREACHABLE_CODE = YES;
				CLANG_WARN__DUPLICATE_METHOD_MATCH = YES;
				"CODE_SIGN_IDENTITY[sdk=iphoneos*]" = "iPhone Developer";
				COPY_PHASE_STRIP = NO;
				DEBUG_INFORMATION_FORMAT = "dwarf-with-dsym";
				ENABLE_NS_ASSERTIONS = NO;
				ENABLE_STRICT_OBJC_MSGSEND = YES;
				GCC_C_LANGUAGE_STANDARD = gnu99;
				GCC_NO_COMMON_BLOCKS = YES;
				GCC_WARN_64_TO_32_BIT_CONVERSION = YES;
				GCC_WARN_ABOUT_RETURN_TYPE = YES_ERROR;
				GCC_WARN_UNDECLARED_SELECTOR = YES;
				GCC_WARN_UNINITIALIZED_AUTOS = YES_AGGRESSIVE;
				GCC_WARN_UNUSED_FUNCTION = YES;
				GCC_WARN_UNUSED_VARIABLE = YES;
				IPHONEOS_DEPLOYMENT_TARGET = 8.3;
				MTL_ENABLE_DEBUG_INFO = NO;
				SDKROOT = iphoneos;
				TARGETED_DEVICE_FAMILY = "1,2";
				VALIDATE_PRODUCT = YES;
			};
			name = Release;
		};
		7A5975B91B15333300C7B022 /* Debug */ = {
			isa = XCBuildConfiguration;
			buildSettings = {
				ASSETCATALOG_COMPILER_APPICON_NAME = AppIcon;
				INFOPLIST_FILE = MaterialDesignAlertView/Info.plist;
				LD_RUNPATH_SEARCH_PATHS = "$(inherited) @executable_path/Frameworks";
				PRODUCT_NAME = "$(TARGET_NAME)";
			};
			name = Debug;
		};
		7A5975BA1B15333300C7B022 /* Release */ = {
			isa = XCBuildConfiguration;
			buildSettings = {
				ASSETCATALOG_COMPILER_APPICON_NAME = AppIcon;
				INFOPLIST_FILE = MaterialDesignAlertView/Info.plist;
				LD_RUNPATH_SEARCH_PATHS = "$(inherited) @executable_path/Frameworks";
				PRODUCT_NAME = "$(TARGET_NAME)";
			};
			name = Release;
		};
		7A5975BC1B15333300C7B022 /* Debug */ = {
			isa = XCBuildConfiguration;
			buildSettings = {
				BUNDLE_LOADER = "$(TEST_HOST)";
				FRAMEWORK_SEARCH_PATHS = (
					"$(SDKROOT)/Developer/Library/Frameworks",
					"$(inherited)",
				);
				GCC_PREPROCESSOR_DEFINITIONS = (
					"DEBUG=1",
					"$(inherited)",
				);
				INFOPLIST_FILE = MaterialDesignAlertViewTests/Info.plist;
				LD_RUNPATH_SEARCH_PATHS = "$(inherited) @executable_path/Frameworks @loader_path/Frameworks";
				PRODUCT_NAME = "$(TARGET_NAME)";
				TEST_HOST = "$(BUILT_PRODUCTS_DIR)/MaterialDesignAlertView.app/MaterialDesignAlertView";
			};
			name = Debug;
		};
		7A5975BD1B15333300C7B022 /* Release */ = {
			isa = XCBuildConfiguration;
			buildSettings = {
				BUNDLE_LOADER = "$(TEST_HOST)";
				FRAMEWORK_SEARCH_PATHS = (
					"$(SDKROOT)/Developer/Library/Frameworks",
					"$(inherited)",
				);
				INFOPLIST_FILE = MaterialDesignAlertViewTests/Info.plist;
				LD_RUNPATH_SEARCH_PATHS = "$(inherited) @executable_path/Frameworks @loader_path/Frameworks";
				PRODUCT_NAME = "$(TARGET_NAME)";
				TEST_HOST = "$(BUILT_PRODUCTS_DIR)/MaterialDesignAlertView.app/MaterialDesignAlertView";
			};
			name = Release;
		};
/* End XCBuildConfiguration section */

/* Begin XCConfigurationList section */
		7A5975901B15333200C7B022 /* Build configuration list for PBXProject "MaterialDesignAlertView" */ = {
			isa = XCConfigurationList;
			buildConfigurations = (
				7A5975B61B15333300C7B022 /* Debug */,
				7A5975B71B15333300C7B022 /* Release */,
			);
			defaultConfigurationIsVisible = 0;
			defaultConfigurationName = Release;
		};
		7A5975B81B15333300C7B022 /* Build configuration list for PBXNativeTarget "MaterialDesignAlertView" */ = {
			isa = XCConfigurationList;
			buildConfigurations = (
				7A5975B91B15333300C7B022 /* Debug */,
				7A5975BA1B15333300C7B022 /* Release */,
			);
			defaultConfigurationIsVisible = 0;
			defaultConfigurationName = Release;
		};
		7A5975BB1B15333300C7B022 /* Build configuration list for PBXNativeTarget "MaterialDesignAlertViewTests" */ = {
			isa = XCConfigurationList;
			buildConfigurations = (
				7A5975BC1B15333300C7B022 /* Debug */,
				7A5975BD1B15333300C7B022 /* Release */,
			);
			defaultConfigurationIsVisible = 0;
			defaultConfigurationName = Release;
		};
/* End XCConfigurationList section */
	};
	rootObject = 7A59758D1B15333200C7B022 /* Project object */;
}
